
Microsoft Visual Studio Solution File, Format Version 12.00
# Visual Studio 15
VisualStudioVersion = 15.0.28307.421
MinimumVisualStudioVersion = 10.0.40219.1
Project("{2150E333-8FDC-42A3-9474-1A3956D46DE8}") = ".paket", ".paket", "{AE7EC5A3-E59A-49B6-A648-CD77752D180D}"
	ProjectSection(SolutionItems) = preProject
		paket.dependencies = paket.dependencies
	EndProjectSection
EndProject
Project("{F2A71F9B-5D33-465A-A702-920D77279786}") = "WindowsConsoleAppFSharp", "WindowsConsoleAppFsharp\WindowsConsoleAppFSharp.fsproj", "{760535AC-18B7-4D36-A643-997F13EDC2EB}"
EndProject
Global
	GlobalSection(SolutionConfigurationPlatforms) = preSolution
		Debug|Any CPU = Debug|Any CPU
		Release|Any CPU = Release|Any CPU
	EndGlobalSection
	GlobalSection(ProjectConfigurationPlatforms) = postSolution
		{760535AC-18B7-4D36-A643-997F13EDC2EB}.Debug|Any CPU.ActiveCfg = Debug|Any CPU
		{760535AC-18B7-4D36-A643-997F13EDC2EB}.Debug|Any CPU.Build.0 = Debug|Any CPU
		{760535AC-18B7-4D36-A643-997F13EDC2EB}.Release|Any CPU.ActiveCfg = Release|Any CPU
		{760535AC-18B7-4D36-A643-997F13EDC2EB}.Release|Any CPU.Build.0 = Release|Any CPU
	EndGlobalSection
	GlobalSection(SolutionProperties) = preSolution
		HideSolutionNode = FALSE
	EndGlobalSection
	GlobalSection(ExtensibilityGlobals) = postSolution
		SolutionGuid = {259C6D28-5905-425D-8ABB-79AF23804EE5}
	EndGlobalSection
EndGlobal
