
Microsoft Visual Studio Solution File, Format Version 12.00
# Visual Studio 15
VisualStudioVersion = 15.0.27703.2047
MinimumVisualStudioVersion = 10.0.40219.1
Project("{9A19103F-16F7-4668-BE54-9A1E7A4F7556}") = "W8lessLabs.GraphAPI", "W8lessLabs.GraphAPI\W8lessLabs.GraphAPI.csproj", "{9E808C44-43C2-4175-861D-42736F700FD4}"
EndProject
Project("{9A19103F-16F7-4668-BE54-9A1E7A4F7556}") = "W8lessLabs.GraphAPI.Windows", "W8lessLabs.GraphAPI.Windows\W8lessLabs.GraphAPI.Windows.csproj", "{DDD915C0-9833-409D-A405-5643ED00F537}"
EndProject
Project("{2150E333-8FDC-42A3-9474-1A3956D46DE8}") = "Solution", "Solution", "{4DB01BD2-CF0F-40C2-A8F5-EEE0F00857FF}"
	ProjectSection(SolutionItems) = preProject
		..\README.md = ..\README.md
	EndProjectSection
EndProject
Project("{FAE04EC0-301F-11D3-BF4B-00C04F79EFBC}") = "W8lessLabs.GraphAPI.Tests", "W8lessLabs.GraphAPI.Tests\W8lessLabs.GraphAPI.Tests.csproj", "{D1B5D226-8766-42C0-B7BE-18697B13CC77}"
EndProject
Global
	GlobalSection(SolutionConfigurationPlatforms) = preSolution
		Debug|Any CPU = Debug|Any CPU
		Release|Any CPU = Release|Any CPU
	EndGlobalSection
	GlobalSection(ProjectConfigurationPlatforms) = postSolution
		{9E808C44-43C2-4175-861D-42736F700FD4}.Debug|Any CPU.ActiveCfg = Debug|Any CPU
		{9E808C44-43C2-4175-861D-42736F700FD4}.Debug|Any CPU.Build.0 = Debug|Any CPU
		{9E808C44-43C2-4175-861D-42736F700FD4}.Release|Any CPU.ActiveCfg = Release|Any CPU
		{9E808C44-43C2-4175-861D-42736F700FD4}.Release|Any CPU.Build.0 = Release|Any CPU
		{DDD915C0-9833-409D-A405-5643ED00F537}.Debug|Any CPU.ActiveCfg = Debug|Any CPU
		{DDD915C0-9833-409D-A405-5643ED00F537}.Debug|Any CPU.Build.0 = Debug|Any CPU
		{DDD915C0-9833-409D-A405-5643ED00F537}.Release|Any CPU.ActiveCfg = Release|Any CPU
		{DDD915C0-9833-409D-A405-5643ED00F537}.Release|Any CPU.Build.0 = Release|Any CPU
		{D1B5D226-8766-42C0-B7BE-18697B13CC77}.Debug|Any CPU.ActiveCfg = Debug|Any CPU
		{D1B5D226-8766-42C0-B7BE-18697B13CC77}.Debug|Any CPU.Build.0 = Debug|Any CPU
		{D1B5D226-8766-42C0-B7BE-18697B13CC77}.Release|Any CPU.ActiveCfg = Release|Any CPU
		{D1B5D226-8766-42C0-B7BE-18697B13CC77}.Release|Any CPU.Build.0 = Release|Any CPU
	EndGlobalSection
	GlobalSection(SolutionProperties) = preSolution
		HideSolutionNode = FALSE
	EndGlobalSection
	GlobalSection(ExtensibilityGlobals) = postSolution
		SolutionGuid = {8AE7C65A-B189-49B3-8030-DA8141CB3A31}
	EndGlobalSection
EndGlobal
